PATH
  remote: .
  specs:
    turbulence (1.2.4)
      flog (>= 4.1)
      json
      launchy (>= 2.0.0)
      racc

GEM
  remote: http://rubygems.org/
  specs:
    addressable (2.9.0)
      public_suffix (>= 2.0.2, < 8.0)
    childprocess (5.1.0)
      logger (~> 1.5)
    diff-lcs (1.6.2)
    flog (4.9.4)
      path_expander (~> 2.0)
      prism (~> 1.7)
      sexp_processor (~> 4.8)
    json (2.19.9)
    launchy (3.1.1)
      addressable (~> 2.8)
      childprocess (~> 5.0)
      logger (~> 1.6)
    logger (1.7.0)
    path_expander (2.0.1)
    prism (1.9.0)
    public_suffix (7.0.5)
    racc (1.8.1)
    rake (13.4.2)
    rspec (3.13.2)
      rspec-core (~> 3.13.0)
      rspec-expectations (~> 3.13.0)
      rspec-mocks (~> 3.13.0)
    rspec-core (3.13.6)
      rspec-support (~> 3.13.0)
    rspec-expectations (3.13.5)
      diff-lcs (>= 1.2.0, < 2.0)
      rspec-support (~> 3.13.0)
    rspec-its (2.0.0)
      rspec-core (>= 3.13.0)
      rspec-expectations (>= 3.13.0)
    rspec-mocks (3.13.8)
      diff-lcs (>= 1.2.0, < 2.0)
      rspec-support (~> 3.13.0)
    rspec-support (3.13.7)
    sexp_processor (4.17.5)

PLATFORMS
  arm64-darwin-25
  ruby

DEPENDENCIES
  rake
  rspec (~> 3.0)
  rspec-its
  turbulence!

